
Microsoft Visual Studio Solution File, Format Version 12.00
# Visual Studio Version 17
VisualStudioVersion = 17.0.31903.59
MinimumVisualStudioVersion = 10.0.40219.1
Project("{2150E333-8FDC-42A3-9474-1A3956D46DE8}") = "src", "src", "{59161B7D-F517-4F4B-B28D-33E34B8A930E}"
EndProject
Project("{F2A71F9B-5D33-465A-A702-920D77279786}") = "SAFE.Client", "src\SAFE.Client\SAFE.Client.fsproj", "{5BCFE180-027E-40F9-847B-7B36F10BD5D7}"
EndProject
Project("{F2A71F9B-5D33-465A-A702-920D77279786}") = "SAFE.Server", "src\SAFE.Server\SAFE.Server.fsproj", "{0C8F62AC-D5D8-43E6-A4C7-159E530C3CE5}"
EndProject
Project("{F2A71F9B-5D33-465A-A702-920D77279786}") = "Build", "Build\Build.fsproj", "{F49104E3-DBA9-4A2D-B839-B4E60BCAE698}"
EndProject
Project("{2150E333-8FDC-42A3-9474-1A3956D46DE8}") = "test", "test", "{30BCECCE-E11D-4028-A9DE-6A83DF2E3EEC}"
EndProject
Project("{F2A71F9B-5D33-465A-A702-920D77279786}") = "SAFE.Client.Tests", "test\SAFE.Client.Tests\SAFE.Client.Tests.fsproj", "{66BAE342-23E0-4904-B98E-B0679D9370D7}"
EndProject
Global
	GlobalSection(SolutionConfigurationPlatforms) = preSolution
		Debug|Any CPU = Debug|Any CPU
		Release|Any CPU = Release|Any CPU
	EndGlobalSection
	GlobalSection(SolutionProperties) = preSolution
		HideSolutionNode = FALSE
	EndGlobalSection
	GlobalSection(ProjectConfigurationPlatforms) = postSolution
		{5BCFE180-027E-40F9-847B-7B36F10BD5D7}.Debug|Any CPU.ActiveCfg = Debug|Any CPU
		{5BCFE180-027E-40F9-847B-7B36F10BD5D7}.Debug|Any CPU.Build.0 = Debug|Any CPU
		{5BCFE180-027E-40F9-847B-7B36F10BD5D7}.Release|Any CPU.ActiveCfg = Release|Any CPU
		{5BCFE180-027E-40F9-847B-7B36F10BD5D7}.Release|Any CPU.Build.0 = Release|Any CPU
		{0C8F62AC-D5D8-43E6-A4C7-159E530C3CE5}.Debug|Any CPU.ActiveCfg = Debug|Any CPU
		{0C8F62AC-D5D8-43E6-A4C7-159E530C3CE5}.Debug|Any CPU.Build.0 = Debug|Any CPU
		{0C8F62AC-D5D8-43E6-A4C7-159E530C3CE5}.Release|Any CPU.ActiveCfg = Release|Any CPU
		{0C8F62AC-D5D8-43E6-A4C7-159E530C3CE5}.Release|Any CPU.Build.0 = Release|Any CPU
		{F49104E3-DBA9-4A2D-B839-B4E60BCAE698}.Debug|Any CPU.ActiveCfg = Debug|Any CPU
		{F49104E3-DBA9-4A2D-B839-B4E60BCAE698}.Debug|Any CPU.Build.0 = Debug|Any CPU
		{F49104E3-DBA9-4A2D-B839-B4E60BCAE698}.Release|Any CPU.ActiveCfg = Release|Any CPU
		{F49104E3-DBA9-4A2D-B839-B4E60BCAE698}.Release|Any CPU.Build.0 = Release|Any CPU
		{66BAE342-23E0-4904-B98E-B0679D9370D7}.Debug|Any CPU.ActiveCfg = Debug|Any CPU
		{66BAE342-23E0-4904-B98E-B0679D9370D7}.Debug|Any CPU.Build.0 = Debug|Any CPU
		{66BAE342-23E0-4904-B98E-B0679D9370D7}.Release|Any CPU.ActiveCfg = Release|Any CPU
		{66BAE342-23E0-4904-B98E-B0679D9370D7}.Release|Any CPU.Build.0 = Release|Any CPU
	EndGlobalSection
	GlobalSection(NestedProjects) = preSolution
		{5BCFE180-027E-40F9-847B-7B36F10BD5D7} = {59161B7D-F517-4F4B-B28D-33E34B8A930E}
		{0C8F62AC-D5D8-43E6-A4C7-159E530C3CE5} = {59161B7D-F517-4F4B-B28D-33E34B8A930E}
		{66BAE342-23E0-4904-B98E-B0679D9370D7} = {30BCECCE-E11D-4028-A9DE-6A83DF2E3EEC}
	EndGlobalSection
EndGlobal
